
Microsoft Visual Studio Solution File, Format Version 12.00
# Visual Studio Version 17
VisualStudioVersion = 17.3.32825.248
MinimumVisualStudioVersion = 10.0.40219.1
Project("{FAE04EC0-301F-11D3-BF4B-00C04F79EFBC}") = "AzureBlobStorageApi", "AzureBlobStorageApi\AzureBlobStorageApi.csproj", "{394B1F49-A793-487A-89D3-D0AF0E143798}"
EndProject
Global
	GlobalSection(SolutionConfigurationPlatforms) = preSolution
		Debug|Any CPU = Debug|Any CPU
		Release|Any CPU = Release|Any CPU
	EndGlobalSection
	GlobalSection(ProjectConfigurationPlatforms) = postSolution
		{394B1F49-A793-487A-89D3-D0AF0E143798}.Debug|Any CPU.ActiveCfg = Debug|Any CPU
		{394B1F49-A793-487A-89D3-D0AF0E143798}.Debug|Any CPU.Build.0 = Debug|Any CPU
		{394B1F49-A793-487A-89D3-D0AF0E143798}.Release|Any CPU.ActiveCfg = Release|Any CPU
		{394B1F49-A793-487A-89D3-D0AF0E143798}.Release|Any CPU.Build.0 = Release|Any CPU
	EndGlobalSection
	GlobalSection(SolutionProperties) = preSolution
		HideSolutionNode = FALSE
	EndGlobalSection
	GlobalSection(ExtensibilityGlobals) = postSolution
		SolutionGuid = {01F82D3B-22A9-4FBA-B9A0-B0488FB0E3C4}
	EndGlobalSection
EndGlobal
